
Microsoft Visual Studio Solution File, Format Version 12.00
# Visual Studio Version 17
VisualStudioVersion = 17.12.35728.132 d17.12
MinimumVisualStudioVersion = 10.0.40219.1
Project("{FAE04EC0-301F-11D3-BF4B-00C04F79EFBC}") = "NombresRomains", "NombresRomains\NombresRomains.csproj", "{659963D9-2308-4A57-AD0A-C9719EB19E3D}"
EndProject
Project("{FAE04EC0-301F-11D3-BF4B-00C04F79EFBC}") = "NombresRomains.Test", "NombresRomains.Test\NombresRomains.Test.csproj", "{747734AE-7103-427F-AC35-4383217DEE25}"
EndProject
Global
	GlobalSection(SolutionConfigurationPlatforms) = preSolution
		Debug|Any CPU = Debug|Any CPU
		Release|Any CPU = Release|Any CPU
	EndGlobalSection
	GlobalSection(ProjectConfigurationPlatforms) = postSolution
		{659963D9-2308-4A57-AD0A-C9719EB19E3D}.Debug|Any CPU.ActiveCfg = Debug|Any CPU
		{659963D9-2308-4A57-AD0A-C9719EB19E3D}.Debug|Any CPU.Build.0 = Debug|Any CPU
		{659963D9-2308-4A57-AD0A-C9719EB19E3D}.Release|Any CPU.ActiveCfg = Release|Any CPU
		{659963D9-2308-4A57-AD0A-C9719EB19E3D}.Release|Any CPU.Build.0 = Release|Any CPU
		{747734AE-7103-427F-AC35-4383217DEE25}.Debug|Any CPU.ActiveCfg = Debug|Any CPU
		{747734AE-7103-427F-AC35-4383217DEE25}.Debug|Any CPU.Build.0 = Debug|Any CPU
		{747734AE-7103-427F-AC35-4383217DEE25}.Release|Any CPU.ActiveCfg = Release|Any CPU
		{747734AE-7103-427F-AC35-4383217DEE25}.Release|Any CPU.Build.0 = Release|Any CPU
	EndGlobalSection
	GlobalSection(SolutionProperties) = preSolution
		HideSolutionNode = FALSE
	EndGlobalSection
EndGlobal
